github.com/Max007446/MyModule v0.0.1 h1:U6z/2qwEKTEhM83ctBnCzqSBO9peDImxoqDrlZYcU+o=
github.com/Max007446/MyModule v0.0.1/go.mod h1:nh8uQFenxVtVa55Fm0XnYr+kqFP1LLjp7B7GQSIO9p8=
github.com/Max007446/MyModule v1.0.0 h1:wY/c1HuMZZYPm9x62nWVC/OiphHFf5Bi8wz5SiTaIrg=
github.com/Max007446/MyModule v1.0.0/go.mod h1:nh8uQFenxVtVa55Fm0XnYr+kqFP1LLjp7B7GQSIO9p8=
github.com/Max007446/MyModule v2.0.0+incompatible h1:Hhx5w8fhXcfArv02J9cXiLYcNWS5P7Pnj0++jTo4jUo=
github.com/Max007446/MyModule v2.0.0+incompatible/go.mod h1:nh8uQFenxVtVa55Fm0XnYr+kqFP1LLjp7B7GQSIO9p8=
github.com/Max007446/MyModule v2.1.0+incompatible h1:qwB1o4vn03fCYUcEnMet8cJ/x+tLfVj77FD5lYewnDI=
github.com/Max007446/MyModule v2.1.0+incompatible/go.mod h1:nh8uQFenxVtVa55Fm0XnYr+kqFP1LLjp7B7GQSIO9p8=
github.com/Max007446/myModule v1.0.0 h1:Q89wqyy4A26Qi16+B/oZ96dtdwLpAmG86DaN+NN3wqE=
github.com/Max007446/myModule v2.1.0+incompatible h1:q+IC7icm3XCDMcZzrGSQVRXLPwAqZCalPG+4VrbSPeo=
github.com/Max007446/myModule v2.1.0+incompatible/go.mod h1:5+xGwAEFWYlV9jSJSI6I6efNas12Y6hRbnB11FvQvJ8=
